
Microsoft Visual Studio Solution File, Format Version 12.00
# Visual Studio Version 16
VisualStudioVersion = 16.0.30523.141
MinimumVisualStudioVersion = 10.0.40219.1
Project("{FAE04EC0-301F-11D3-BF4B-00C04F79EFBC}") = "pol1", "pol1\pol1.csproj", "{A227409F-3BC4-4541-9928-8DEC3B3F86E0}"
EndProject
Global
	GlobalSection(SolutionConfigurationPlatforms) = preSolution
		Debug|Any CPU = Debug|Any CPU
		Release|Any CPU = Release|Any CPU
	EndGlobalSection
	GlobalSection(ProjectConfigurationPlatforms) = postSolution
		{A227409F-3BC4-4541-9928-8DEC3B3F86E0}.Debug|Any CPU.ActiveCfg = Debug|Any CPU
		{A227409F-3BC4-4541-9928-8DEC3B3F86E0}.Debug|Any CPU.Build.0 = Debug|Any CPU
		{A227409F-3BC4-4541-9928-8DEC3B3F86E0}.Release|Any CPU.ActiveCfg = Release|Any CPU
		{A227409F-3BC4-4541-9928-8DEC3B3F86E0}.Release|Any CPU.Build.0 = Release|Any CPU
	EndGlobalSection
	GlobalSection(SolutionProperties) = preSolution
		HideSolutionNode = FALSE
	EndGlobalSection
	GlobalSection(ExtensibilityGlobals) = postSolution
		SolutionGuid = {4621941E-2F2C-44E9-9256-1DAE36673660}
	EndGlobalSection
EndGlobal
